github.com/Bokizz/temporary2 v0.0.0-20240721165825-b7e0e39d923b h1:+ef7j/vm5gr8szcowiTI7djkab49EomchT6GJLGVBIU=
github.com/Bokizz/temporary2 v0.0.0-20240721165825-b7e0e39d923b/go.mod h1:AhgG6kAatK+Qr4Bp47EAdVApciodTIo4ohF53E522JY=
github.com/Bokizz/temporary2 v1.0.0 h1:VWiuIZHEmQGBu0Vm+g1l7aBaX3f+Cgc99i1yXxvx6DA=
github.com/Bokizz/temporary2 v1.0.0/go.mod h1:AhgG6kAatK+Qr4Bp47EAdVApciodTIo4ohF53E522JY=
